
Microsoft Visual Studio Solution File, Format Version 12.00
# Visual Studio Version 17
VisualStudioVersion = 17.6.33829.357
MinimumVisualStudioVersion = 10.0.40219.1
Project("{FAE04EC0-301F-11D3-BF4B-00C04F79EFBC}") = "OpenteleMvcWebApp", "OpenteleMvcWebApp\OpenteleMvcWebApp.csproj", "{3C0B5F14-615D-4166-819E-C0332AAC18E4}"
EndProject
Project("{E53339B2-1760-4266-BCC7-CA923CBCF16C}") = "docker-compose", "docker-compose.dcproj", "{73758A48-83EE-4C72-A6E8-7971B15B897F}"
EndProject
Global
	GlobalSection(SolutionConfigurationPlatforms) = preSolution
		Debug|Any CPU = Debug|Any CPU
		Release|Any CPU = Release|Any CPU
	EndGlobalSection
	GlobalSection(ProjectConfigurationPlatforms) = postSolution
		{3C0B5F14-615D-4166-819E-C0332AAC18E4}.Debug|Any CPU.ActiveCfg = Debug|Any CPU
		{3C0B5F14-615D-4166-819E-C0332AAC18E4}.Debug|Any CPU.Build.0 = Debug|Any CPU
		{3C0B5F14-615D-4166-819E-C0332AAC18E4}.Release|Any CPU.ActiveCfg = Release|Any CPU
		{3C0B5F14-615D-4166-819E-C0332AAC18E4}.Release|Any CPU.Build.0 = Release|Any CPU
		{73758A48-83EE-4C72-A6E8-7971B15B897F}.Debug|Any CPU.ActiveCfg = Debug|Any CPU
		{73758A48-83EE-4C72-A6E8-7971B15B897F}.Debug|Any CPU.Build.0 = Debug|Any CPU
		{73758A48-83EE-4C72-A6E8-7971B15B897F}.Release|Any CPU.ActiveCfg = Release|Any CPU
		{73758A48-83EE-4C72-A6E8-7971B15B897F}.Release|Any CPU.Build.0 = Release|Any CPU
	EndGlobalSection
	GlobalSection(SolutionProperties) = preSolution
		HideSolutionNode = FALSE
	EndGlobalSection
	GlobalSection(ExtensibilityGlobals) = postSolution
		SolutionGuid = {C9DAE3FA-3731-4419-BA9E-BA1004F5E20A}
	EndGlobalSection
EndGlobal
